
Microsoft Visual Studio Solution File, Format Version 12.00
# Visual Studio 15
VisualStudioVersion = 15.0.26430.16
MinimumVisualStudioVersion = 10.0.40219.1
Project("{FAE04EC0-301F-11D3-BF4B-00C04F79EFBC}") = "Numbers-From-1-To-100", "ConsoleApp1\Numbers-From-1-To-100.csproj", "{F800A98C-B95F-446D-8051-44547C772713}"
EndProject
Project("{FAE04EC0-301F-11D3-BF4B-00C04F79EFBC}") = "Numbers-Ending-With-7", "Numbers-Ending-With-7\Numbers-Ending-With-7.csproj", "{A55335C1-9767-42B6-AC23-2F786CC1B5E4}"
EndProject
Project("{FAE04EC0-301F-11D3-BF4B-00C04F79EFBC}") = "Latin-Letters", "Latin-Letters\Latin-Letters.csproj", "{37F506FF-5E53-4F37-9999-492D959C53B3}"
EndProject
Project("{FAE04EC0-301F-11D3-BF4B-00C04F79EFBC}") = "Sum-Numbers", "Sum-Numbers\Sum-Numbers.csproj", "{200ADD86-CE0D-4E29-A489-3B0AFF52FAC9}"
EndProject
Project("{FAE04EC0-301F-11D3-BF4B-00C04F79EFBC}") = "Max-Number", "Max-Number\Max-Number.csproj", "{4B4CB5E6-93AE-47E5-A2A9-7BF621B45C67}"
EndProject
Project("{FAE04EC0-301F-11D3-BF4B-00C04F79EFBC}") = "Min-Number", "Min-Number\Min-Number.csproj", "{4628B126-71DA-44EC-884D-95CDF8A171E3}"
EndProject
Project("{FAE04EC0-301F-11D3-BF4B-00C04F79EFBC}") = "Left-And-Right-Sum", "Left-And-Right-Sum\Left-And-Right-Sum.csproj", "{7A01C8A6-3AE5-4324-92E0-5E2DBF1911C8}"
EndProject
Project("{FAE04EC0-301F-11D3-BF4B-00C04F79EFBC}") = "Odd-Even-Sum", "Odd-Even-Sum\Odd-Even-Sum.csproj", "{4AB3C937-D209-44D4-AB63-F1B68C5816BD}"
EndProject
Project("{FAE04EC0-301F-11D3-BF4B-00C04F79EFBC}") = "Vowels-Sum", "Vowels-Sum\Vowels-Sum.csproj", "{C04FAA5C-8FB7-440D-BAAD-36C950229695}"
EndProject
Project("{FAE04EC0-301F-11D3-BF4B-00C04F79EFBC}") = "Equal-Pairs", "Equal-Pairs\Equal-Pairs.csproj", "{490FC52A-C7AF-49FE-B472-CE58E46369E7}"
EndProject
Project("{FAE04EC0-301F-11D3-BF4B-00C04F79EFBC}") = "Half-Sum-Element", "Half-Sum-Element\Half-Sum-Element.csproj", "{B9D5D825-D2F9-4A4A-8F01-7F42DCE8B216}"
EndProject
Project("{FAE04EC0-301F-11D3-BF4B-00C04F79EFBC}") = "Odd-Even-Position", "Odd-Even-Position\Odd-Even-Position.csproj", "{CAB6DF43-4750-4AAA-87DF-39273F3B8A39}"
EndProject
Global
	GlobalSection(SolutionConfigurationPlatforms) = preSolution
		Debug|Any CPU = Debug|Any CPU
		Release|Any CPU = Release|Any CPU
	EndGlobalSection
	GlobalSection(ProjectConfigurationPlatforms) = postSolution
		{F800A98C-B95F-446D-8051-44547C772713}.Debug|Any CPU.ActiveCfg = Debug|Any CPU
		{F800A98C-B95F-446D-8051-44547C772713}.Debug|Any CPU.Build.0 = Debug|Any CPU
		{F800A98C-B95F-446D-8051-44547C772713}.Release|Any CPU.ActiveCfg = Release|Any CPU
		{F800A98C-B95F-446D-8051-44547C772713}.Release|Any CPU.Build.0 = Release|Any CPU
		{A55335C1-9767-42B6-AC23-2F786CC1B5E4}.Debug|Any CPU.ActiveCfg = Debug|Any CPU
		{A55335C1-9767-42B6-AC23-2F786CC1B5E4}.Debug|Any CPU.Build.0 = Debug|Any CPU
		{A55335C1-9767-42B6-AC23-2F786CC1B5E4}.Release|Any CPU.ActiveCfg = Release|Any CPU
		{A55335C1-9767-42B6-AC23-2F786CC1B5E4}.Release|Any CPU.Build.0 = Release|Any CPU
		{37F506FF-5E53-4F37-9999-492D959C53B3}.Debug|Any CPU.ActiveCfg = Debug|Any CPU
		{37F506FF-5E53-4F37-9999-492D959C53B3}.Debug|Any CPU.Build.0 = Debug|Any CPU
		{37F506FF-5E53-4F37-9999-492D959C53B3}.Release|Any CPU.ActiveCfg = Release|Any CPU
		{37F506FF-5E53-4F37-9999-492D959C53B3}.Release|Any CPU.Build.0 = Release|Any CPU
		{200ADD86-CE0D-4E29-A489-3B0AFF52FAC9}.Debug|Any CPU.ActiveCfg = Debug|Any CPU
		{200ADD86-CE0D-4E29-A489-3B0AFF52FAC9}.Debug|Any CPU.Build.0 = Debug|Any CPU
		{200ADD86-CE0D-4E29-A489-3B0AFF52FAC9}.Release|Any CPU.ActiveCfg = Release|Any CPU
		{200ADD86-CE0D-4E29-A489-3B0AFF52FAC9}.Release|Any CPU.Build.0 = Release|Any CPU
		{4B4CB5E6-93AE-47E5-A2A9-7BF621B45C67}.Debug|Any CPU.ActiveCfg = Debug|Any CPU
		{4B4CB5E6-93AE-47E5-A2A9-7BF621B45C67}.Debug|Any CPU.Build.0 = Debug|Any CPU
		{4B4CB5E6-93AE-47E5-A2A9-7BF621B45C67}.Release|Any CPU.ActiveCfg = Release|Any CPU
		{4B4CB5E6-93AE-47E5-A2A9-7BF621B45C67}.Release|Any CPU.Build.0 = Release|Any CPU
		{4628B126-71DA-44EC-884D-95CDF8A171E3}.Debug|Any CPU.ActiveCfg = Debug|Any CPU
		{4628B126-71DA-44EC-884D-95CDF8A171E3}.Debug|Any CPU.Build.0 = Debug|Any CPU
		{4628B126-71DA-44EC-884D-95CDF8A171E3}.Release|Any CPU.ActiveCfg = Release|Any CPU
		{4628B126-71DA-44EC-884D-95CDF8A171E3}.Release|Any CPU.Build.0 = Release|Any CPU
		{7A01C8A6-3AE5-4324-92E0-5E2DBF1911C8}.Debug|Any CPU.ActiveCfg = Debug|Any CPU
		{7A01C8A6-3AE5-4324-92E0-5E2DBF1911C8}.Debug|Any CPU.Build.0 = Debug|Any CPU
		{7A01C8A6-3AE5-4324-92E0-5E2DBF1911C8}.Release|Any CPU.ActiveCfg = Release|Any CPU
		{7A01C8A6-3AE5-4324-92E0-5E2DBF1911C8}.Release|Any CPU.Build.0 = Release|Any CPU
		{4AB3C937-D209-44D4-AB63-F1B68C5816BD}.Debug|Any CPU.ActiveCfg = Debug|Any CPU
		{4AB3C937-D209-44D4-AB63-F1B68C5816BD}.Debug|Any CPU.Build.0 = Debug|Any CPU
		{4AB3C937-D209-44D4-AB63-F1B68C5816BD}.Release|Any CPU.ActiveCfg = Release|Any CPU
		{4AB3C937-D209-44D4-AB63-F1B68C5816BD}.Release|Any CPU.Build.0 = Release|Any CPU
		{C04FAA5C-8FB7-440D-BAAD-36C950229695}.Debug|Any CPU.ActiveCfg = Debug|Any CPU
		{C04FAA5C-8FB7-440D-BAAD-36C950229695}.Debug|Any CPU.Build.0 = Debug|Any CPU
		{C04FAA5C-8FB7-440D-BAAD-36C950229695}.Release|Any CPU.ActiveCfg = Release|Any CPU
		{C04FAA5C-8FB7-440D-BAAD-36C950229695}.Release|Any CPU.Build.0 = Release|Any CPU
		{490FC52A-C7AF-49FE-B472-CE58E46369E7}.Debug|Any CPU.ActiveCfg = Debug|Any CPU
		{490FC52A-C7AF-49FE-B472-CE58E46369E7}.Debug|Any CPU.Build.0 = Debug|Any CPU
		{490FC52A-C7AF-49FE-B472-CE58E46369E7}.Release|Any CPU.ActiveCfg = Release|Any CPU
		{490FC52A-C7AF-49FE-B472-CE58E46369E7}.Release|Any CPU.Build.0 = Release|Any CPU
		{B9D5D825-D2F9-4A4A-8F01-7F42DCE8B216}.Debug|Any CPU.ActiveCfg = Debug|Any CPU
		{B9D5D825-D2F9-4A4A-8F01-7F42DCE8B216}.Debug|Any CPU.Build.0 = Debug|Any CPU
		{B9D5D825-D2F9-4A4A-8F01-7F42DCE8B216}.Release|Any CPU.ActiveCfg = Release|Any CPU
		{B9D5D825-D2F9-4A4A-8F01-7F42DCE8B216}.Release|Any CPU.Build.0 = Release|Any CPU
		{CAB6DF43-4750-4AAA-87DF-39273F3B8A39}.Debug|Any CPU.ActiveCfg = Debug|Any CPU
		{CAB6DF43-4750-4AAA-87DF-39273F3B8A39}.Debug|Any CPU.Build.0 = Debug|Any CPU
		{CAB6DF43-4750-4AAA-87DF-39273F3B8A39}.Release|Any CPU.ActiveCfg = Release|Any CPU
		{CAB6DF43-4750-4AAA-87DF-39273F3B8A39}.Release|Any CPU.Build.0 = Release|Any CPU
	EndGlobalSection
	GlobalSection(SolutionProperties) = preSolution
		HideSolutionNode = FALSE
	EndGlobalSection
EndGlobal
