
Microsoft Visual Studio Solution File, Format Version 12.00
# Visual Studio 15
VisualStudioVersion = 15.0.26430.16
MinimumVisualStudioVersion = 10.0.40219.1
Project("{FAE04EC0-301F-11D3-BF4B-00C04F79EFBC}") = "Personal-Titles", "Personal-Titles\Personal-Titles.csproj", "{1D87EB66-6F87-4535-B6F1-AD3D13176052}"
EndProject
Project("{FAE04EC0-301F-11D3-BF4B-00C04F79EFBC}") = "Small-Shop", "Small-Shop\Small-Shop.csproj", "{5BD3F05A-8982-48C8-8C3E-ED1CBD5CDDFF}"
EndProject
Project("{FAE04EC0-301F-11D3-BF4B-00C04F79EFBC}") = "Point-In-Rectangle", "Point-In-Rectangle\Point-In-Rectangle.csproj", "{9E4C3026-A35F-4244-ACE9-88A3ED868CD1}"
EndProject
Project("{FAE04EC0-301F-11D3-BF4B-00C04F79EFBC}") = "Fruit-Or-Vegetable", "Fruit-Or-Vegetable\Fruit-Or-Vegetable.csproj", "{0F38F91C-4F6E-4798-BD23-795CA7D578EC}"
EndProject
Project("{FAE04EC0-301F-11D3-BF4B-00C04F79EFBC}") = "Invalid-Number", "Invalid-Number\Invalid-Number.csproj", "{AC7BEB10-51CA-4DDC-B2B1-B56E54CF372D}"
EndProject
Project("{FAE04EC0-301F-11D3-BF4B-00C04F79EFBC}") = "Point-On-Rectangle-Border", "Point-On-Rectangle-Border\Point-On-Rectangle-Border.csproj", "{0A083944-5DDF-482B-9F98-61CFA6075DC2}"
EndProject
Project("{FAE04EC0-301F-11D3-BF4B-00C04F79EFBC}") = "Fruit-Shop", "Fruit-Shop\Fruit-Shop.csproj", "{9D87912B-E401-4B52-8D35-83399BCA9769}"
EndProject
Project("{FAE04EC0-301F-11D3-BF4B-00C04F79EFBC}") = "Trade-Comissions", "Trade-Comissions\Trade-Comissions.csproj", "{9A3B0820-2AB6-460E-8890-1D5CCE44066B}"
EndProject
Project("{FAE04EC0-301F-11D3-BF4B-00C04F79EFBC}") = "Day-Of-The-Week", "Day-Of-The-Week\Day-Of-The-Week.csproj", "{F3FDA0B3-4155-47A3-84FB-7D1B444E6088}"
EndProject
Project("{FAE04EC0-301F-11D3-BF4B-00C04F79EFBC}") = "Animal-Type", "Animal-Type\Animal-Type.csproj", "{77573351-5052-42F1-8BEA-BC6BB4D2172A}"
EndProject
Project("{FAE04EC0-301F-11D3-BF4B-00C04F79EFBC}") = "Cinema", "Cinema\Cinema.csproj", "{A8C91C4F-0D72-4B7D-9056-2B0D7454BF6D}"
EndProject
Project("{FAE04EC0-301F-11D3-BF4B-00C04F79EFBC}") = "Volleyball", "Volleyball\Volleyball.csproj", "{55EBDFDB-EA9F-4ED6-88D1-ABEBAF2ECB5D}"
EndProject
Project("{FAE04EC0-301F-11D3-BF4B-00C04F79EFBC}") = "Point-In-The-Figure", "Point-In-The-Figure\Point-In-The-Figure.csproj", "{86A11464-530E-4C19-BE51-4439E8CBB987}"
EndProject
Global
	GlobalSection(SolutionConfigurationPlatforms) = preSolution
		Debug|Any CPU = Debug|Any CPU
		Release|Any CPU = Release|Any CPU
	EndGlobalSection
	GlobalSection(ProjectConfigurationPlatforms) = postSolution
		{1D87EB66-6F87-4535-B6F1-AD3D13176052}.Debug|Any CPU.ActiveCfg = Debug|Any CPU
		{1D87EB66-6F87-4535-B6F1-AD3D13176052}.Debug|Any CPU.Build.0 = Debug|Any CPU
		{1D87EB66-6F87-4535-B6F1-AD3D13176052}.Release|Any CPU.ActiveCfg = Release|Any CPU
		{1D87EB66-6F87-4535-B6F1-AD3D13176052}.Release|Any CPU.Build.0 = Release|Any CPU
		{5BD3F05A-8982-48C8-8C3E-ED1CBD5CDDFF}.Debug|Any CPU.ActiveCfg = Debug|Any CPU
		{5BD3F05A-8982-48C8-8C3E-ED1CBD5CDDFF}.Debug|Any CPU.Build.0 = Debug|Any CPU
		{5BD3F05A-8982-48C8-8C3E-ED1CBD5CDDFF}.Release|Any CPU.ActiveCfg = Release|Any CPU
		{5BD3F05A-8982-48C8-8C3E-ED1CBD5CDDFF}.Release|Any CPU.Build.0 = Release|Any CPU
		{9E4C3026-A35F-4244-ACE9-88A3ED868CD1}.Debug|Any CPU.ActiveCfg = Debug|Any CPU
		{9E4C3026-A35F-4244-ACE9-88A3ED868CD1}.Debug|Any CPU.Build.0 = Debug|Any CPU
		{9E4C3026-A35F-4244-ACE9-88A3ED868CD1}.Release|Any CPU.ActiveCfg = Release|Any CPU
		{9E4C3026-A35F-4244-ACE9-88A3ED868CD1}.Release|Any CPU.Build.0 = Release|Any CPU
		{0F38F91C-4F6E-4798-BD23-795CA7D578EC}.Debug|Any CPU.ActiveCfg = Debug|Any CPU
		{0F38F91C-4F6E-4798-BD23-795CA7D578EC}.Debug|Any CPU.Build.0 = Debug|Any CPU
		{0F38F91C-4F6E-4798-BD23-795CA7D578EC}.Release|Any CPU.ActiveCfg = Release|Any CPU
		{0F38F91C-4F6E-4798-BD23-795CA7D578EC}.Release|Any CPU.Build.0 = Release|Any CPU
		{AC7BEB10-51CA-4DDC-B2B1-B56E54CF372D}.Debug|Any CPU.ActiveCfg = Debug|Any CPU
		{AC7BEB10-51CA-4DDC-B2B1-B56E54CF372D}.Debug|Any CPU.Build.0 = Debug|Any CPU
		{AC7BEB10-51CA-4DDC-B2B1-B56E54CF372D}.Release|Any CPU.ActiveCfg = Release|Any CPU
		{AC7BEB10-51CA-4DDC-B2B1-B56E54CF372D}.Release|Any CPU.Build.0 = Release|Any CPU
		{0A083944-5DDF-482B-9F98-61CFA6075DC2}.Debug|Any CPU.ActiveCfg = Debug|Any CPU
		{0A083944-5DDF-482B-9F98-61CFA6075DC2}.Debug|Any CPU.Build.0 = Debug|Any CPU
		{0A083944-5DDF-482B-9F98-61CFA6075DC2}.Release|Any CPU.ActiveCfg = Release|Any CPU
		{0A083944-5DDF-482B-9F98-61CFA6075DC2}.Release|Any CPU.Build.0 = Release|Any CPU
		{9D87912B-E401-4B52-8D35-83399BCA9769}.Debug|Any CPU.ActiveCfg = Debug|Any CPU
		{9D87912B-E401-4B52-8D35-83399BCA9769}.Debug|Any CPU.Build.0 = Debug|Any CPU
		{9D87912B-E401-4B52-8D35-83399BCA9769}.Release|Any CPU.ActiveCfg = Release|Any CPU
		{9D87912B-E401-4B52-8D35-83399BCA9769}.Release|Any CPU.Build.0 = Release|Any CPU
		{9A3B0820-2AB6-460E-8890-1D5CCE44066B}.Debug|Any CPU.ActiveCfg = Debug|Any CPU
		{9A3B0820-2AB6-460E-8890-1D5CCE44066B}.Debug|Any CPU.Build.0 = Debug|Any CPU
		{9A3B0820-2AB6-460E-8890-1D5CCE44066B}.Release|Any CPU.ActiveCfg = Release|Any CPU
		{9A3B0820-2AB6-460E-8890-1D5CCE44066B}.Release|Any CPU.Build.0 = Release|Any CPU
		{F3FDA0B3-4155-47A3-84FB-7D1B444E6088}.Debug|Any CPU.ActiveCfg = Debug|Any CPU
		{F3FDA0B3-4155-47A3-84FB-7D1B444E6088}.Debug|Any CPU.Build.0 = Debug|Any CPU
		{F3FDA0B3-4155-47A3-84FB-7D1B444E6088}.Release|Any CPU.ActiveCfg = Release|Any CPU
		{F3FDA0B3-4155-47A3-84FB-7D1B444E6088}.Release|Any CPU.Build.0 = Release|Any CPU
		{77573351-5052-42F1-8BEA-BC6BB4D2172A}.Debug|Any CPU.ActiveCfg = Debug|Any CPU
		{77573351-5052-42F1-8BEA-BC6BB4D2172A}.Debug|Any CPU.Build.0 = Debug|Any CPU
		{77573351-5052-42F1-8BEA-BC6BB4D2172A}.Release|Any CPU.ActiveCfg = Release|Any CPU
		{77573351-5052-42F1-8BEA-BC6BB4D2172A}.Release|Any CPU.Build.0 = Release|Any CPU
		{A8C91C4F-0D72-4B7D-9056-2B0D7454BF6D}.Debug|Any CPU.ActiveCfg = Debug|Any CPU
		{A8C91C4F-0D72-4B7D-9056-2B0D7454BF6D}.Debug|Any CPU.Build.0 = Debug|Any CPU
		{A8C91C4F-0D72-4B7D-9056-2B0D7454BF6D}.Release|Any CPU.ActiveCfg = Release|Any CPU
		{A8C91C4F-0D72-4B7D-9056-2B0D7454BF6D}.Release|Any CPU.Build.0 = Release|Any CPU
		{55EBDFDB-EA9F-4ED6-88D1-ABEBAF2ECB5D}.Debug|Any CPU.ActiveCfg = Debug|Any CPU
		{55EBDFDB-EA9F-4ED6-88D1-ABEBAF2ECB5D}.Debug|Any CPU.Build.0 = Debug|Any CPU
		{55EBDFDB-EA9F-4ED6-88D1-ABEBAF2ECB5D}.Release|Any CPU.ActiveCfg = Release|Any CPU
		{55EBDFDB-EA9F-4ED6-88D1-ABEBAF2ECB5D}.Release|Any CPU.Build.0 = Release|Any CPU
		{86A11464-530E-4C19-BE51-4439E8CBB987}.Debug|Any CPU.ActiveCfg = Debug|Any CPU
		{86A11464-530E-4C19-BE51-4439E8CBB987}.Debug|Any CPU.Build.0 = Debug|Any CPU
		{86A11464-530E-4C19-BE51-4439E8CBB987}.Release|Any CPU.ActiveCfg = Release|Any CPU
		{86A11464-530E-4C19-BE51-4439E8CBB987}.Release|Any CPU.Build.0 = Release|Any CPU
	EndGlobalSection
	GlobalSection(SolutionProperties) = preSolution
		HideSolutionNode = FALSE
	EndGlobalSection
EndGlobal
