
Microsoft Visual Studio Solution File, Format Version 12.00
# Visual Studio 15
VisualStudioVersion = 15.0.26430.16
MinimumVisualStudioVersion = 10.0.40219.1
Project("{FAE04EC0-301F-11D3-BF4B-00C04F79EFBC}") = "Rectangle-10-10-Stars", "Rectangle-10-10-Stars\Rectangle-10-10-Stars.csproj", "{E63CB43B-F507-4691-A607-48F55811EAF3}"
EndProject
Project("{FAE04EC0-301F-11D3-BF4B-00C04F79EFBC}") = "Rectangle-N-N-Stars", "Rectangle-N-N-Stars\Rectangle-N-N-Stars.csproj", "{D93E5C31-4E7B-44F4-A3B6-779D6F1C422E}"
EndProject
Project("{FAE04EC0-301F-11D3-BF4B-00C04F79EFBC}") = "Square-N-N-Stars", "Square-N-N-Stars\Square-N-N-Stars.csproj", "{0492B97A-2EF6-4255-981A-DBDC2F5EB8A5}"
EndProject
Project("{FAE04EC0-301F-11D3-BF4B-00C04F79EFBC}") = "Triangle-With-Dollars", "Triangle-With-Dollars\Triangle-With-Dollars.csproj", "{857B516D-839F-479E-8A53-121FE64EFC38}"
EndProject
Project("{FAE04EC0-301F-11D3-BF4B-00C04F79EFBC}") = "Square-Frame", "Square-Frame\Square-Frame.csproj", "{5613473E-4541-4522-A282-05B1A656B1AA}"
EndProject
Project("{FAE04EC0-301F-11D3-BF4B-00C04F79EFBC}") = "Rhombus-Of-Stars", "Rhombus-Of-Stars\Rhombus-Of-Stars.csproj", "{7A579E64-3816-4A34-8334-D8DF1BDF4BD3}"
EndProject
Project("{FAE04EC0-301F-11D3-BF4B-00C04F79EFBC}") = "Christmas-Tree", "Christmas-Tree\Christmas-Tree.csproj", "{C2B76FDF-EE61-4318-9D61-2D59EF54E75C}"
EndProject
Project("{FAE04EC0-301F-11D3-BF4B-00C04F79EFBC}") = "Sunglasses", "Sunglasses\Sunglasses.csproj", "{282A1F5B-993D-4552-AB44-18A3A6997380}"
EndProject
Project("{FAE04EC0-301F-11D3-BF4B-00C04F79EFBC}") = "House", "House\House.csproj", "{6408AD73-A8F0-4CE9-B81C-7BA38BB7D3B2}"
EndProject
Project("{FAE04EC0-301F-11D3-BF4B-00C04F79EFBC}") = "Diamond", "Diamond\Diamond.csproj", "{25F4F609-BC04-4F3B-B425-E56212DF29E1}"
EndProject
Project("{FAE04EC0-301F-11D3-BF4B-00C04F79EFBC}") = "Butterfly", "Butterfly\Butterfly.csproj", "{4E2BEA20-C344-4D28-8D64-455041884950}"
EndProject
Global
	GlobalSection(SolutionConfigurationPlatforms) = preSolution
		Debug|Any CPU = Debug|Any CPU
		Release|Any CPU = Release|Any CPU
	EndGlobalSection
	GlobalSection(ProjectConfigurationPlatforms) = postSolution
		{E63CB43B-F507-4691-A607-48F55811EAF3}.Debug|Any CPU.ActiveCfg = Debug|Any CPU
		{E63CB43B-F507-4691-A607-48F55811EAF3}.Debug|Any CPU.Build.0 = Debug|Any CPU
		{E63CB43B-F507-4691-A607-48F55811EAF3}.Release|Any CPU.ActiveCfg = Release|Any CPU
		{E63CB43B-F507-4691-A607-48F55811EAF3}.Release|Any CPU.Build.0 = Release|Any CPU
		{D93E5C31-4E7B-44F4-A3B6-779D6F1C422E}.Debug|Any CPU.ActiveCfg = Debug|Any CPU
		{D93E5C31-4E7B-44F4-A3B6-779D6F1C422E}.Debug|Any CPU.Build.0 = Debug|Any CPU
		{D93E5C31-4E7B-44F4-A3B6-779D6F1C422E}.Release|Any CPU.ActiveCfg = Release|Any CPU
		{D93E5C31-4E7B-44F4-A3B6-779D6F1C422E}.Release|Any CPU.Build.0 = Release|Any CPU
		{0492B97A-2EF6-4255-981A-DBDC2F5EB8A5}.Debug|Any CPU.ActiveCfg = Debug|Any CPU
		{0492B97A-2EF6-4255-981A-DBDC2F5EB8A5}.Debug|Any CPU.Build.0 = Debug|Any CPU
		{0492B97A-2EF6-4255-981A-DBDC2F5EB8A5}.Release|Any CPU.ActiveCfg = Release|Any CPU
		{0492B97A-2EF6-4255-981A-DBDC2F5EB8A5}.Release|Any CPU.Build.0 = Release|Any CPU
		{857B516D-839F-479E-8A53-121FE64EFC38}.Debug|Any CPU.ActiveCfg = Debug|Any CPU
		{857B516D-839F-479E-8A53-121FE64EFC38}.Debug|Any CPU.Build.0 = Debug|Any CPU
		{857B516D-839F-479E-8A53-121FE64EFC38}.Release|Any CPU.ActiveCfg = Release|Any CPU
		{857B516D-839F-479E-8A53-121FE64EFC38}.Release|Any CPU.Build.0 = Release|Any CPU
		{5613473E-4541-4522-A282-05B1A656B1AA}.Debug|Any CPU.ActiveCfg = Debug|Any CPU
		{5613473E-4541-4522-A282-05B1A656B1AA}.Debug|Any CPU.Build.0 = Debug|Any CPU
		{5613473E-4541-4522-A282-05B1A656B1AA}.Release|Any CPU.ActiveCfg = Release|Any CPU
		{5613473E-4541-4522-A282-05B1A656B1AA}.Release|Any CPU.Build.0 = Release|Any CPU
		{7A579E64-3816-4A34-8334-D8DF1BDF4BD3}.Debug|Any CPU.ActiveCfg = Debug|Any CPU
		{7A579E64-3816-4A34-8334-D8DF1BDF4BD3}.Debug|Any CPU.Build.0 = Debug|Any CPU
		{7A579E64-3816-4A34-8334-D8DF1BDF4BD3}.Release|Any CPU.ActiveCfg = Release|Any CPU
		{7A579E64-3816-4A34-8334-D8DF1BDF4BD3}.Release|Any CPU.Build.0 = Release|Any CPU
		{C2B76FDF-EE61-4318-9D61-2D59EF54E75C}.Debug|Any CPU.ActiveCfg = Debug|Any CPU
		{C2B76FDF-EE61-4318-9D61-2D59EF54E75C}.Debug|Any CPU.Build.0 = Debug|Any CPU
		{C2B76FDF-EE61-4318-9D61-2D59EF54E75C}.Release|Any CPU.ActiveCfg = Release|Any CPU
		{C2B76FDF-EE61-4318-9D61-2D59EF54E75C}.Release|Any CPU.Build.0 = Release|Any CPU
		{282A1F5B-993D-4552-AB44-18A3A6997380}.Debug|Any CPU.ActiveCfg = Debug|Any CPU
		{282A1F5B-993D-4552-AB44-18A3A6997380}.Debug|Any CPU.Build.0 = Debug|Any CPU
		{282A1F5B-993D-4552-AB44-18A3A6997380}.Release|Any CPU.ActiveCfg = Release|Any CPU
		{282A1F5B-993D-4552-AB44-18A3A6997380}.Release|Any CPU.Build.0 = Release|Any CPU
		{6408AD73-A8F0-4CE9-B81C-7BA38BB7D3B2}.Debug|Any CPU.ActiveCfg = Debug|Any CPU
		{6408AD73-A8F0-4CE9-B81C-7BA38BB7D3B2}.Debug|Any CPU.Build.0 = Debug|Any CPU
		{6408AD73-A8F0-4CE9-B81C-7BA38BB7D3B2}.Release|Any CPU.ActiveCfg = Release|Any CPU
		{6408AD73-A8F0-4CE9-B81C-7BA38BB7D3B2}.Release|Any CPU.Build.0 = Release|Any CPU
		{25F4F609-BC04-4F3B-B425-E56212DF29E1}.Debug|Any CPU.ActiveCfg = Debug|Any CPU
		{25F4F609-BC04-4F3B-B425-E56212DF29E1}.Debug|Any CPU.Build.0 = Debug|Any CPU
		{25F4F609-BC04-4F3B-B425-E56212DF29E1}.Release|Any CPU.ActiveCfg = Release|Any CPU
		{25F4F609-BC04-4F3B-B425-E56212DF29E1}.Release|Any CPU.Build.0 = Release|Any CPU
		{4E2BEA20-C344-4D28-8D64-455041884950}.Debug|Any CPU.ActiveCfg = Debug|Any CPU
		{4E2BEA20-C344-4D28-8D64-455041884950}.Debug|Any CPU.Build.0 = Debug|Any CPU
		{4E2BEA20-C344-4D28-8D64-455041884950}.Release|Any CPU.ActiveCfg = Release|Any CPU
		{4E2BEA20-C344-4D28-8D64-455041884950}.Release|Any CPU.Build.0 = Release|Any CPU
	EndGlobalSection
	GlobalSection(SolutionProperties) = preSolution
		HideSolutionNode = FALSE
	EndGlobalSection
EndGlobal
