
Microsoft Visual Studio Solution File, Format Version 12.00
# Visual Studio 15
VisualStudioVersion = 15.0.26430.16
MinimumVisualStudioVersion = 10.0.40219.1
Project("{FAE04EC0-301F-11D3-BF4B-00C04F79EFBC}") = "Excellent-Result", "Excellent-Result\Excellent-Result.csproj", "{987A1A9F-A99F-4796-9057-470EF8C1BC3E}"
EndProject
Project("{FAE04EC0-301F-11D3-BF4B-00C04F79EFBC}") = "Excellent Or Not", "Excellent Or Not\Excellent Or Not.csproj", "{DFD607D0-3C25-4889-A1B7-10AD31E5CE23}"
EndProject
Project("{FAE04EC0-301F-11D3-BF4B-00C04F79EFBC}") = "Even-Or-Odd", "Even-Or-Odd\Even-Or-Odd.csproj", "{F690DF1B-87AD-4DF5-9996-A0B8C62C18A5}"
EndProject
Project("{FAE04EC0-301F-11D3-BF4B-00C04F79EFBC}") = "Greater-Number", "Greater-Number\Greater-Number.csproj", "{62869E32-2EB0-4386-93B9-036E9B190DE3}"
EndProject
Project("{FAE04EC0-301F-11D3-BF4B-00C04F79EFBC}") = "Number-To-Text", "Number-To-Text\Number-To-Text.csproj", "{A89A648E-E636-4F3B-90CD-24C34DD977B1}"
EndProject
Project("{FAE04EC0-301F-11D3-BF4B-00C04F79EFBC}") = "Bonus-Score", "Bonus-Score\Bonus-Score.csproj", "{DC054A29-79A4-455B-8ED7-BBE59CDDEC45}"
EndProject
Project("{FAE04EC0-301F-11D3-BF4B-00C04F79EFBC}") = "Sum Seconds", "Sum Seconds\Sum Seconds.csproj", "{FC134987-273F-48BD-BE18-9EC1860B778B}"
EndProject
Project("{FAE04EC0-301F-11D3-BF4B-00C04F79EFBC}") = "Metric-Converter", "Metric-Converter\Metric-Converter.csproj", "{4A100DEC-F784-47B9-B300-C4C67F5D1647}"
EndProject
Project("{FAE04EC0-301F-11D3-BF4B-00C04F79EFBC}") = "Guess-Password", "Guess-Password\Guess-Password.csproj", "{9656E288-CCE7-4E38-9179-457DF8460C91}"
EndProject
Project("{FAE04EC0-301F-11D3-BF4B-00C04F79EFBC}") = "Between-100-and-200", "Between-100-and-200\Between-100-and-200.csproj", "{79C83172-9FA4-45F2-9B93-A342DB64523A}"
EndProject
Project("{FAE04EC0-301F-11D3-BF4B-00C04F79EFBC}") = "Compare-Words", "Compare-Words\Compare-Words.csproj", "{B0EFAAAD-5823-4454-95EE-25740AC1BB70}"
EndProject
Project("{FAE04EC0-301F-11D3-BF4B-00C04F79EFBC}") = "Speed-Test", "Speed-Test\Speed-Test.csproj", "{25230054-2F59-4DBE-94EF-459B2C1AA3BD}"
EndProject
Project("{FAE04EC0-301F-11D3-BF4B-00C04F79EFBC}") = "Area-Of-Figures", "Area-Of-Figures\Area-Of-Figures.csproj", "{4397D09E-C938-4BF7-A36C-BD73F63306E9}"
EndProject
Project("{FAE04EC0-301F-11D3-BF4B-00C04F79EFBC}") = "3-Equal-Numbers", "3-Equal-Numbers\3-Equal-Numbers.csproj", "{36173A6F-9F56-4FC7-9DDD-1F37C52789E0}"
EndProject
Project("{FAE04EC0-301F-11D3-BF4B-00C04F79EFBC}") = "0-to-100-in-Words", "0-to-100-in-Words\0-to-100-in-Words.csproj", "{836C995F-78FC-4670-9D36-292B3BC5B1DB}"
EndProject
Project("{FAE04EC0-301F-11D3-BF4B-00C04F79EFBC}") = "Time+15-Minutes", "Time+15-Minutes\Time+15-Minutes.csproj", "{7C50F390-5A0E-4F98-83D4-2D570CED90F7}"
EndProject
Project("{FAE04EC0-301F-11D3-BF4B-00C04F79EFBC}") = "Transport-Prices", "Transport-Prices\Transport-Prices.csproj", "{6D411392-BDE5-4627-95F5-E83098A30E17}"
EndProject
Project("{FAE04EC0-301F-11D3-BF4B-00C04F79EFBC}") = "On-Time-For-Exam", "On-Time-For-Exam\On-Time-For-Exam.csproj", "{70CA5FD3-1781-4E5B-BA2F-341D46DB96AC}"
EndProject
Global
	GlobalSection(SolutionConfigurationPlatforms) = preSolution
		Debug|Any CPU = Debug|Any CPU
		Release|Any CPU = Release|Any CPU
	EndGlobalSection
	GlobalSection(ProjectConfigurationPlatforms) = postSolution
		{987A1A9F-A99F-4796-9057-470EF8C1BC3E}.Debug|Any CPU.ActiveCfg = Debug|Any CPU
		{987A1A9F-A99F-4796-9057-470EF8C1BC3E}.Debug|Any CPU.Build.0 = Debug|Any CPU
		{987A1A9F-A99F-4796-9057-470EF8C1BC3E}.Release|Any CPU.ActiveCfg = Release|Any CPU
		{987A1A9F-A99F-4796-9057-470EF8C1BC3E}.Release|Any CPU.Build.0 = Release|Any CPU
		{DFD607D0-3C25-4889-A1B7-10AD31E5CE23}.Debug|Any CPU.ActiveCfg = Debug|Any CPU
		{DFD607D0-3C25-4889-A1B7-10AD31E5CE23}.Debug|Any CPU.Build.0 = Debug|Any CPU
		{DFD607D0-3C25-4889-A1B7-10AD31E5CE23}.Release|Any CPU.ActiveCfg = Release|Any CPU
		{DFD607D0-3C25-4889-A1B7-10AD31E5CE23}.Release|Any CPU.Build.0 = Release|Any CPU
		{F690DF1B-87AD-4DF5-9996-A0B8C62C18A5}.Debug|Any CPU.ActiveCfg = Debug|Any CPU
		{F690DF1B-87AD-4DF5-9996-A0B8C62C18A5}.Debug|Any CPU.Build.0 = Debug|Any CPU
		{F690DF1B-87AD-4DF5-9996-A0B8C62C18A5}.Release|Any CPU.ActiveCfg = Release|Any CPU
		{F690DF1B-87AD-4DF5-9996-A0B8C62C18A5}.Release|Any CPU.Build.0 = Release|Any CPU
		{62869E32-2EB0-4386-93B9-036E9B190DE3}.Debug|Any CPU.ActiveCfg = Debug|Any CPU
		{62869E32-2EB0-4386-93B9-036E9B190DE3}.Debug|Any CPU.Build.0 = Debug|Any CPU
		{62869E32-2EB0-4386-93B9-036E9B190DE3}.Release|Any CPU.ActiveCfg = Release|Any CPU
		{62869E32-2EB0-4386-93B9-036E9B190DE3}.Release|Any CPU.Build.0 = Release|Any CPU
		{A89A648E-E636-4F3B-90CD-24C34DD977B1}.Debug|Any CPU.ActiveCfg = Debug|Any CPU
		{A89A648E-E636-4F3B-90CD-24C34DD977B1}.Debug|Any CPU.Build.0 = Debug|Any CPU
		{A89A648E-E636-4F3B-90CD-24C34DD977B1}.Release|Any CPU.ActiveCfg = Release|Any CPU
		{A89A648E-E636-4F3B-90CD-24C34DD977B1}.Release|Any CPU.Build.0 = Release|Any CPU
		{DC054A29-79A4-455B-8ED7-BBE59CDDEC45}.Debug|Any CPU.ActiveCfg = Debug|Any CPU
		{DC054A29-79A4-455B-8ED7-BBE59CDDEC45}.Debug|Any CPU.Build.0 = Debug|Any CPU
		{DC054A29-79A4-455B-8ED7-BBE59CDDEC45}.Release|Any CPU.ActiveCfg = Release|Any CPU
		{DC054A29-79A4-455B-8ED7-BBE59CDDEC45}.Release|Any CPU.Build.0 = Release|Any CPU
		{FC134987-273F-48BD-BE18-9EC1860B778B}.Debug|Any CPU.ActiveCfg = Debug|Any CPU
		{FC134987-273F-48BD-BE18-9EC1860B778B}.Debug|Any CPU.Build.0 = Debug|Any CPU
		{FC134987-273F-48BD-BE18-9EC1860B778B}.Release|Any CPU.ActiveCfg = Release|Any CPU
		{FC134987-273F-48BD-BE18-9EC1860B778B}.Release|Any CPU.Build.0 = Release|Any CPU
		{4A100DEC-F784-47B9-B300-C4C67F5D1647}.Debug|Any CPU.ActiveCfg = Debug|Any CPU
		{4A100DEC-F784-47B9-B300-C4C67F5D1647}.Debug|Any CPU.Build.0 = Debug|Any CPU
		{4A100DEC-F784-47B9-B300-C4C67F5D1647}.Release|Any CPU.ActiveCfg = Release|Any CPU
		{4A100DEC-F784-47B9-B300-C4C67F5D1647}.Release|Any CPU.Build.0 = Release|Any CPU
		{9656E288-CCE7-4E38-9179-457DF8460C91}.Debug|Any CPU.ActiveCfg = Debug|Any CPU
		{9656E288-CCE7-4E38-9179-457DF8460C91}.Debug|Any CPU.Build.0 = Debug|Any CPU
		{9656E288-CCE7-4E38-9179-457DF8460C91}.Release|Any CPU.ActiveCfg = Release|Any CPU
		{9656E288-CCE7-4E38-9179-457DF8460C91}.Release|Any CPU.Build.0 = Release|Any CPU
		{79C83172-9FA4-45F2-9B93-A342DB64523A}.Debug|Any CPU.ActiveCfg = Debug|Any CPU
		{79C83172-9FA4-45F2-9B93-A342DB64523A}.Debug|Any CPU.Build.0 = Debug|Any CPU
		{79C83172-9FA4-45F2-9B93-A342DB64523A}.Release|Any CPU.ActiveCfg = Release|Any CPU
		{79C83172-9FA4-45F2-9B93-A342DB64523A}.Release|Any CPU.Build.0 = Release|Any CPU
		{B0EFAAAD-5823-4454-95EE-25740AC1BB70}.Debug|Any CPU.ActiveCfg = Debug|Any CPU
		{B0EFAAAD-5823-4454-95EE-25740AC1BB70}.Debug|Any CPU.Build.0 = Debug|Any CPU
		{B0EFAAAD-5823-4454-95EE-25740AC1BB70}.Release|Any CPU.ActiveCfg = Release|Any CPU
		{B0EFAAAD-5823-4454-95EE-25740AC1BB70}.Release|Any CPU.Build.0 = Release|Any CPU
		{25230054-2F59-4DBE-94EF-459B2C1AA3BD}.Debug|Any CPU.ActiveCfg = Debug|Any CPU
		{25230054-2F59-4DBE-94EF-459B2C1AA3BD}.Debug|Any CPU.Build.0 = Debug|Any CPU
		{25230054-2F59-4DBE-94EF-459B2C1AA3BD}.Release|Any CPU.ActiveCfg = Release|Any CPU
		{25230054-2F59-4DBE-94EF-459B2C1AA3BD}.Release|Any CPU.Build.0 = Release|Any CPU
		{4397D09E-C938-4BF7-A36C-BD73F63306E9}.Debug|Any CPU.ActiveCfg = Debug|Any CPU
		{4397D09E-C938-4BF7-A36C-BD73F63306E9}.Debug|Any CPU.Build.0 = Debug|Any CPU
		{4397D09E-C938-4BF7-A36C-BD73F63306E9}.Release|Any CPU.ActiveCfg = Release|Any CPU
		{4397D09E-C938-4BF7-A36C-BD73F63306E9}.Release|Any CPU.Build.0 = Release|Any CPU
		{36173A6F-9F56-4FC7-9DDD-1F37C52789E0}.Debug|Any CPU.ActiveCfg = Debug|Any CPU
		{36173A6F-9F56-4FC7-9DDD-1F37C52789E0}.Debug|Any CPU.Build.0 = Debug|Any CPU
		{36173A6F-9F56-4FC7-9DDD-1F37C52789E0}.Release|Any CPU.ActiveCfg = Release|Any CPU
		{36173A6F-9F56-4FC7-9DDD-1F37C52789E0}.Release|Any CPU.Build.0 = Release|Any CPU
		{836C995F-78FC-4670-9D36-292B3BC5B1DB}.Debug|Any CPU.ActiveCfg = Debug|Any CPU
		{836C995F-78FC-4670-9D36-292B3BC5B1DB}.Debug|Any CPU.Build.0 = Debug|Any CPU
		{836C995F-78FC-4670-9D36-292B3BC5B1DB}.Release|Any CPU.ActiveCfg = Release|Any CPU
		{836C995F-78FC-4670-9D36-292B3BC5B1DB}.Release|Any CPU.Build.0 = Release|Any CPU
		{7C50F390-5A0E-4F98-83D4-2D570CED90F7}.Debug|Any CPU.ActiveCfg = Debug|Any CPU
		{7C50F390-5A0E-4F98-83D4-2D570CED90F7}.Debug|Any CPU.Build.0 = Debug|Any CPU
		{7C50F390-5A0E-4F98-83D4-2D570CED90F7}.Release|Any CPU.ActiveCfg = Release|Any CPU
		{7C50F390-5A0E-4F98-83D4-2D570CED90F7}.Release|Any CPU.Build.0 = Release|Any CPU
		{6D411392-BDE5-4627-95F5-E83098A30E17}.Debug|Any CPU.ActiveCfg = Debug|Any CPU
		{6D411392-BDE5-4627-95F5-E83098A30E17}.Debug|Any CPU.Build.0 = Debug|Any CPU
		{6D411392-BDE5-4627-95F5-E83098A30E17}.Release|Any CPU.ActiveCfg = Release|Any CPU
		{6D411392-BDE5-4627-95F5-E83098A30E17}.Release|Any CPU.Build.0 = Release|Any CPU
		{70CA5FD3-1781-4E5B-BA2F-341D46DB96AC}.Debug|Any CPU.ActiveCfg = Debug|Any CPU
		{70CA5FD3-1781-4E5B-BA2F-341D46DB96AC}.Debug|Any CPU.Build.0 = Debug|Any CPU
		{70CA5FD3-1781-4E5B-BA2F-341D46DB96AC}.Release|Any CPU.ActiveCfg = Release|Any CPU
		{70CA5FD3-1781-4E5B-BA2F-341D46DB96AC}.Release|Any CPU.Build.0 = Release|Any CPU
	EndGlobalSection
	GlobalSection(SolutionProperties) = preSolution
		HideSolutionNode = FALSE
	EndGlobalSection
EndGlobal
