
Microsoft Visual Studio Solution File, Format Version 12.00
# Visual Studio 15
VisualStudioVersion = 15.0.26430.16
MinimumVisualStudioVersion = 10.0.40219.1
Project("{FAE04EC0-301F-11D3-BF4B-00C04F79EFBC}") = "1-to-N-Step-3", "1-to-N-Step-3\1-to-N-Step-3.csproj", "{5A946430-93D2-4FCF-8A14-3124C7E17E1C}"
EndProject
Project("{FAE04EC0-301F-11D3-BF4B-00C04F79EFBC}") = "N-to-1", "N-to-1\N-to-1.csproj", "{CAF43B8C-A6E2-4504-85A4-8E29B61526E8}"
EndProject
Project("{FAE04EC0-301F-11D3-BF4B-00C04F79EFBC}") = "Powers-Of-Two", "Powers-Of-Two\Powers-Of-Two.csproj", "{D17A209C-C3EA-427A-A25C-0F92B70B06AB}"
EndProject
Project("{FAE04EC0-301F-11D3-BF4B-00C04F79EFBC}") = "Even-Powers-Of-2", "Even-Powers-Of-2\Even-Powers-Of-2.csproj", "{16B86E91-D47E-41B1-8EB4-35DF3FBB5C0B}"
EndProject
Project("{FAE04EC0-301F-11D3-BF4B-00C04F79EFBC}") = "2k-Plus-1", "2k-Plus-1\2k-Plus-1.csproj", "{19D5C781-1609-4DC4-B5B9-EDC7F45B8770}"
EndProject
Project("{FAE04EC0-301F-11D3-BF4B-00C04F79EFBC}") = "Number-In-Range", "Number-In-Range\Number-In-Range.csproj", "{8F613D8B-672C-407C-9CE7-9CCE5080328C}"
EndProject
Project("{FAE04EC0-301F-11D3-BF4B-00C04F79EFBC}") = "GCD", "GCD\GCD.csproj", "{6203031B-0294-408B-BF30-60F1D22C593D}"
EndProject
Project("{FAE04EC0-301F-11D3-BF4B-00C04F79EFBC}") = "Factorial", "Factorial\Factorial.csproj", "{8889A0C0-C378-4673-B98C-916446BACF7A}"
EndProject
Project("{FAE04EC0-301F-11D3-BF4B-00C04F79EFBC}") = "Sum-Digits", "Sum-Digits\Sum-Digits.csproj", "{6C22D2B5-8CAA-45B1-AC7E-9845CC04B3C6}"
EndProject
Project("{FAE04EC0-301F-11D3-BF4B-00C04F79EFBC}") = "Prime-Checker", "Prime-Checker\Prime-Checker.csproj", "{FBE8C48E-6E84-4E39-83F9-31D89624198D}"
EndProject
Project("{FAE04EC0-301F-11D3-BF4B-00C04F79EFBC}") = "Even-Numbers", "Even-Numbers\Even-Numbers.csproj", "{169E1125-116A-4A87-BB18-F30290C5B0AD}"
EndProject
Project("{FAE04EC0-301F-11D3-BF4B-00C04F79EFBC}") = "Fibonacci", "Fibonacci\Fibonacci.csproj", "{CD298686-AB78-42C5-8B54-3D8A1A0E4719}"
EndProject
Project("{FAE04EC0-301F-11D3-BF4B-00C04F79EFBC}") = "Pyramid-Number", "Pyramid-Number\Pyramid-Number.csproj", "{42F20D03-8497-4325-8961-9179717F67C0}"
EndProject
Project("{FAE04EC0-301F-11D3-BF4B-00C04F79EFBC}") = "Number-Table", "Number-Table\Number-Table.csproj", "{85F35A39-DB38-4E44-9DEA-5C57C5BC222F}"
EndProject
Global
	GlobalSection(SolutionConfigurationPlatforms) = preSolution
		Debug|Any CPU = Debug|Any CPU
		Release|Any CPU = Release|Any CPU
	EndGlobalSection
	GlobalSection(ProjectConfigurationPlatforms) = postSolution
		{5A946430-93D2-4FCF-8A14-3124C7E17E1C}.Debug|Any CPU.ActiveCfg = Debug|Any CPU
		{5A946430-93D2-4FCF-8A14-3124C7E17E1C}.Debug|Any CPU.Build.0 = Debug|Any CPU
		{5A946430-93D2-4FCF-8A14-3124C7E17E1C}.Release|Any CPU.ActiveCfg = Release|Any CPU
		{5A946430-93D2-4FCF-8A14-3124C7E17E1C}.Release|Any CPU.Build.0 = Release|Any CPU
		{CAF43B8C-A6E2-4504-85A4-8E29B61526E8}.Debug|Any CPU.ActiveCfg = Debug|Any CPU
		{CAF43B8C-A6E2-4504-85A4-8E29B61526E8}.Debug|Any CPU.Build.0 = Debug|Any CPU
		{CAF43B8C-A6E2-4504-85A4-8E29B61526E8}.Release|Any CPU.ActiveCfg = Release|Any CPU
		{CAF43B8C-A6E2-4504-85A4-8E29B61526E8}.Release|Any CPU.Build.0 = Release|Any CPU
		{D17A209C-C3EA-427A-A25C-0F92B70B06AB}.Debug|Any CPU.ActiveCfg = Debug|Any CPU
		{D17A209C-C3EA-427A-A25C-0F92B70B06AB}.Debug|Any CPU.Build.0 = Debug|Any CPU
		{D17A209C-C3EA-427A-A25C-0F92B70B06AB}.Release|Any CPU.ActiveCfg = Release|Any CPU
		{D17A209C-C3EA-427A-A25C-0F92B70B06AB}.Release|Any CPU.Build.0 = Release|Any CPU
		{16B86E91-D47E-41B1-8EB4-35DF3FBB5C0B}.Debug|Any CPU.ActiveCfg = Debug|Any CPU
		{16B86E91-D47E-41B1-8EB4-35DF3FBB5C0B}.Debug|Any CPU.Build.0 = Debug|Any CPU
		{16B86E91-D47E-41B1-8EB4-35DF3FBB5C0B}.Release|Any CPU.ActiveCfg = Release|Any CPU
		{16B86E91-D47E-41B1-8EB4-35DF3FBB5C0B}.Release|Any CPU.Build.0 = Release|Any CPU
		{19D5C781-1609-4DC4-B5B9-EDC7F45B8770}.Debug|Any CPU.ActiveCfg = Debug|Any CPU
		{19D5C781-1609-4DC4-B5B9-EDC7F45B8770}.Debug|Any CPU.Build.0 = Debug|Any CPU
		{19D5C781-1609-4DC4-B5B9-EDC7F45B8770}.Release|Any CPU.ActiveCfg = Release|Any CPU
		{19D5C781-1609-4DC4-B5B9-EDC7F45B8770}.Release|Any CPU.Build.0 = Release|Any CPU
		{8F613D8B-672C-407C-9CE7-9CCE5080328C}.Debug|Any CPU.ActiveCfg = Debug|Any CPU
		{8F613D8B-672C-407C-9CE7-9CCE5080328C}.Debug|Any CPU.Build.0 = Debug|Any CPU
		{8F613D8B-672C-407C-9CE7-9CCE5080328C}.Release|Any CPU.ActiveCfg = Release|Any CPU
		{8F613D8B-672C-407C-9CE7-9CCE5080328C}.Release|Any CPU.Build.0 = Release|Any CPU
		{6203031B-0294-408B-BF30-60F1D22C593D}.Debug|Any CPU.ActiveCfg = Debug|Any CPU
		{6203031B-0294-408B-BF30-60F1D22C593D}.Debug|Any CPU.Build.0 = Debug|Any CPU
		{6203031B-0294-408B-BF30-60F1D22C593D}.Release|Any CPU.ActiveCfg = Release|Any CPU
		{6203031B-0294-408B-BF30-60F1D22C593D}.Release|Any CPU.Build.0 = Release|Any CPU
		{8889A0C0-C378-4673-B98C-916446BACF7A}.Debug|Any CPU.ActiveCfg = Debug|Any CPU
		{8889A0C0-C378-4673-B98C-916446BACF7A}.Debug|Any CPU.Build.0 = Debug|Any CPU
		{8889A0C0-C378-4673-B98C-916446BACF7A}.Release|Any CPU.ActiveCfg = Release|Any CPU
		{8889A0C0-C378-4673-B98C-916446BACF7A}.Release|Any CPU.Build.0 = Release|Any CPU
		{6C22D2B5-8CAA-45B1-AC7E-9845CC04B3C6}.Debug|Any CPU.ActiveCfg = Debug|Any CPU
		{6C22D2B5-8CAA-45B1-AC7E-9845CC04B3C6}.Debug|Any CPU.Build.0 = Debug|Any CPU
		{6C22D2B5-8CAA-45B1-AC7E-9845CC04B3C6}.Release|Any CPU.ActiveCfg = Release|Any CPU
		{6C22D2B5-8CAA-45B1-AC7E-9845CC04B3C6}.Release|Any CPU.Build.0 = Release|Any CPU
		{FBE8C48E-6E84-4E39-83F9-31D89624198D}.Debug|Any CPU.ActiveCfg = Debug|Any CPU
		{FBE8C48E-6E84-4E39-83F9-31D89624198D}.Debug|Any CPU.Build.0 = Debug|Any CPU
		{FBE8C48E-6E84-4E39-83F9-31D89624198D}.Release|Any CPU.ActiveCfg = Release|Any CPU
		{FBE8C48E-6E84-4E39-83F9-31D89624198D}.Release|Any CPU.Build.0 = Release|Any CPU
		{169E1125-116A-4A87-BB18-F30290C5B0AD}.Debug|Any CPU.ActiveCfg = Debug|Any CPU
		{169E1125-116A-4A87-BB18-F30290C5B0AD}.Debug|Any CPU.Build.0 = Debug|Any CPU
		{169E1125-116A-4A87-BB18-F30290C5B0AD}.Release|Any CPU.ActiveCfg = Release|Any CPU
		{169E1125-116A-4A87-BB18-F30290C5B0AD}.Release|Any CPU.Build.0 = Release|Any CPU
		{CD298686-AB78-42C5-8B54-3D8A1A0E4719}.Debug|Any CPU.ActiveCfg = Debug|Any CPU
		{CD298686-AB78-42C5-8B54-3D8A1A0E4719}.Debug|Any CPU.Build.0 = Debug|Any CPU
		{CD298686-AB78-42C5-8B54-3D8A1A0E4719}.Release|Any CPU.ActiveCfg = Release|Any CPU
		{CD298686-AB78-42C5-8B54-3D8A1A0E4719}.Release|Any CPU.Build.0 = Release|Any CPU
		{42F20D03-8497-4325-8961-9179717F67C0}.Debug|Any CPU.ActiveCfg = Debug|Any CPU
		{42F20D03-8497-4325-8961-9179717F67C0}.Debug|Any CPU.Build.0 = Debug|Any CPU
		{42F20D03-8497-4325-8961-9179717F67C0}.Release|Any CPU.ActiveCfg = Release|Any CPU
		{42F20D03-8497-4325-8961-9179717F67C0}.Release|Any CPU.Build.0 = Release|Any CPU
		{85F35A39-DB38-4E44-9DEA-5C57C5BC222F}.Debug|Any CPU.ActiveCfg = Debug|Any CPU
		{85F35A39-DB38-4E44-9DEA-5C57C5BC222F}.Debug|Any CPU.Build.0 = Debug|Any CPU
		{85F35A39-DB38-4E44-9DEA-5C57C5BC222F}.Release|Any CPU.ActiveCfg = Release|Any CPU
		{85F35A39-DB38-4E44-9DEA-5C57C5BC222F}.Release|Any CPU.Build.0 = Release|Any CPU
	EndGlobalSection
	GlobalSection(SolutionProperties) = preSolution
		HideSolutionNode = FALSE
	EndGlobalSection
EndGlobal
